
Microsoft Visual Studio Solution File, Format Version 12.00
# Visual Studio Version 16
VisualStudioVersion = 16.0.30717.126
MinimumVisualStudioVersion = 10.0.40219.1
Project("{FAE04EC0-301F-11D3-BF4B-00C04F79EFBC}") = "Service_072_Nuraini", "Service_072_Nuraini\Service_072_Nuraini.csproj", "{E2A162F2-9798-445C-9AF9-B90245F511E5}"
EndProject
Project("{FAE04EC0-301F-11D3-BF4B-00C04F79EFBC}") = "Server_072_Nuraini", "Server_072_Nuraini\Server_072_Nuraini.csproj", "{F797B655-AEDE-4D1E-8940-A641EDE20866}"
EndProject
Project("{FAE04EC0-301F-11D3-BF4B-00C04F79EFBC}") = "Client_072_Nuraini", "Client_072_Nuraini\Client_072_Nuraini.csproj", "{065E10B0-6E8A-40A7-BA29-8F5310661C55}"
EndProject
Global
	GlobalSection(SolutionConfigurationPlatforms) = preSolution
		Debug|Any CPU = Debug|Any CPU
		Release|Any CPU = Release|Any CPU
	EndGlobalSection
	GlobalSection(ProjectConfigurationPlatforms) = postSolution
		{E2A162F2-9798-445C-9AF9-B90245F511E5}.Debug|Any CPU.ActiveCfg = Debug|Any CPU
		{E2A162F2-9798-445C-9AF9-B90245F511E5}.Debug|Any CPU.Build.0 = Debug|Any CPU
		{E2A162F2-9798-445C-9AF9-B90245F511E5}.Release|Any CPU.ActiveCfg = Release|Any CPU
		{E2A162F2-9798-445C-9AF9-B90245F511E5}.Release|Any CPU.Build.0 = Release|Any CPU
		{F797B655-AEDE-4D1E-8940-A641EDE20866}.Debug|Any CPU.ActiveCfg = Debug|Any CPU
		{F797B655-AEDE-4D1E-8940-A641EDE20866}.Debug|Any CPU.Build.0 = Debug|Any CPU
		{F797B655-AEDE-4D1E-8940-A641EDE20866}.Release|Any CPU.ActiveCfg = Release|Any CPU
		{F797B655-AEDE-4D1E-8940-A641EDE20866}.Release|Any CPU.Build.0 = Release|Any CPU
		{065E10B0-6E8A-40A7-BA29-8F5310661C55}.Debug|Any CPU.ActiveCfg = Debug|Any CPU
		{065E10B0-6E8A-40A7-BA29-8F5310661C55}.Debug|Any CPU.Build.0 = Debug|Any CPU
		{065E10B0-6E8A-40A7-BA29-8F5310661C55}.Release|Any CPU.ActiveCfg = Release|Any CPU
		{065E10B0-6E8A-40A7-BA29-8F5310661C55}.Release|Any CPU.Build.0 = Release|Any CPU
	EndGlobalSection
	GlobalSection(SolutionProperties) = preSolution
		HideSolutionNode = FALSE
	EndGlobalSection
	GlobalSection(ExtensibilityGlobals) = postSolution
		SolutionGuid = {56D6D03F-9427-400E-9769-CCE14E69054C}
	EndGlobalSection
EndGlobal
